
Microsoft Visual Studio Solution File, Format Version 12.00
# Visual Studio 2013
VisualStudioVersion = 12.0.30110.0
MinimumVisualStudioVersion = 10.0.40219.1
Project("{FAE04EC0-301F-11D3-BF4B-00C04F79EFBC}") = "ChessR.Web", "..\Projects\ChessR.Web\ChessR.Web.csproj", "{F597A0E8-D3B3-4DE8-BB8A-CB1449669F40}"
EndProject
Project("{FAE04EC0-301F-11D3-BF4B-00C04F79EFBC}") = "ChessR.Game", "..\Projects\ChessR.Game\ChessR.Game.csproj", "{F5BC3ED7-69D9-4D7B-B22E-861BA233099A}"
EndProject
Project("{FAE04EC0-301F-11D3-BF4B-00C04F79EFBC}") = "ChessR.Game.Specs", "..\Projects\ChessR.Game.Specs\ChessR.Game.Specs.csproj", "{85AA8D98-7575-4745-A11F-75B6EAB486C3}"
EndProject
Project("{FAE04EC0-301F-11D3-BF4B-00C04F79EFBC}") = "ChessR.Web.Specs", "..\Projects\ChessR.Web.Specs\ChessR.Web.Specs.csproj", "{7877DCF4-5421-4E32-961F-D8DE2F12360F}"
EndProject
Global
	GlobalSection(TeamFoundationVersionControl) = preSolution
		SccNumberOfProjects = 5
		SccEnterpriseProvider = {4CA58AB2-18FA-4F8D-95D4-32DDF27D184C}
		SccTeamFoundationServer = https://4imble.visualstudio.com/defaultcollection
		SccLocalPath0 = .
		SccProjectUniqueName1 = ..\\Projects\\ChessR.Web\\ChessR.Web.csproj
		SccProjectName1 = ../Projects/ChessR.Web
		SccLocalPath1 = ..\\Projects\\ChessR.Web
		SccProjectUniqueName2 = ..\\Projects\\ChessR.Game.Specs\\ChessR.Game.Specs.csproj
		SccProjectName2 = ../Projects/ChessR.Game.Specs
		SccLocalPath2 = ..\\Projects\\ChessR.Game.Specs
		SccProjectUniqueName3 = ..\\Projects\\ChessR.Web.Specs\\ChessR.Web.Specs.csproj
		SccProjectName3 = ../Projects/ChessR.Web.Specs
		SccLocalPath3 = ..\\Projects\\ChessR.Web.Specs
		SccProjectUniqueName4 = ..\\Projects\\ChessR.Game\\ChessR.Game.csproj
		SccProjectName4 = ../Projects/ChessR.Game
		SccLocalPath4 = ..\\Projects\\ChessR.Game
	EndGlobalSection
	GlobalSection(SolutionConfigurationPlatforms) = preSolution
		Debug|Any CPU = Debug|Any CPU
		Release|Any CPU = Release|Any CPU
	EndGlobalSection
	GlobalSection(ProjectConfigurationPlatforms) = postSolution
		{F597A0E8-D3B3-4DE8-BB8A-CB1449669F40}.Debug|Any CPU.ActiveCfg = Debug|Any CPU
		{F597A0E8-D3B3-4DE8-BB8A-CB1449669F40}.Debug|Any CPU.Build.0 = Debug|Any CPU
		{F597A0E8-D3B3-4DE8-BB8A-CB1449669F40}.Release|Any CPU.ActiveCfg = Release|Any CPU
		{F597A0E8-D3B3-4DE8-BB8A-CB1449669F40}.Release|Any CPU.Build.0 = Release|Any CPU
		{F5BC3ED7-69D9-4D7B-B22E-861BA233099A}.Debug|Any CPU.ActiveCfg = Debug|Any CPU
		{F5BC3ED7-69D9-4D7B-B22E-861BA233099A}.Debug|Any CPU.Build.0 = Debug|Any CPU
		{F5BC3ED7-69D9-4D7B-B22E-861BA233099A}.Release|Any CPU.ActiveCfg = Release|Any CPU
		{F5BC3ED7-69D9-4D7B-B22E-861BA233099A}.Release|Any CPU.Build.0 = Release|Any CPU
		{85AA8D98-7575-4745-A11F-75B6EAB486C3}.Debug|Any CPU.ActiveCfg = Debug|Any CPU
		{85AA8D98-7575-4745-A11F-75B6EAB486C3}.Debug|Any CPU.Build.0 = Debug|Any CPU
		{85AA8D98-7575-4745-A11F-75B6EAB486C3}.Release|Any CPU.ActiveCfg = Release|Any CPU
		{85AA8D98-7575-4745-A11F-75B6EAB486C3}.Release|Any CPU.Build.0 = Release|Any CPU
		{7877DCF4-5421-4E32-961F-D8DE2F12360F}.Debug|Any CPU.ActiveCfg = Debug|Any CPU
		{7877DCF4-5421-4E32-961F-D8DE2F12360F}.Debug|Any CPU.Build.0 = Debug|Any CPU
		{7877DCF4-5421-4E32-961F-D8DE2F12360F}.Release|Any CPU.ActiveCfg = Release|Any CPU
		{7877DCF4-5421-4E32-961F-D8DE2F12360F}.Release|Any CPU.Build.0 = Release|Any CPU
	EndGlobalSection
	GlobalSection(SolutionProperties) = preSolution
		HideSolutionNode = FALSE
	EndGlobalSection
EndGlobal
